// !$*UTF8*$!
{
	archiveVersion = 1;
	classes = {
	};
	objectVersion = 77;
	objects = {

/* Begin PBXBuildFile section */
		01209E2397B3E1985BB426E6 /* AnalysisModels.swift in Sources */ = {isa = PBXBuildFile; fileRef = 278EDD2A0190F0C2534E18D7 /* AnalysisModels.swift */; };
		021B109926DDA7BEF443D286 /* canonical_analysis_result.json in Resources */ = {isa = PBXBuildFile; fileRef = DE7273659FB7E40C56A30407 /* canonical_analysis_result.json */; };
		0511505D12DDD5FF32250E0F /* AdultAccessView.swift in Sources */ = {isa = PBXBuildFile; fileRef = E182935A8C4EF9031F4BAD9B /* AdultAccessView.swift */; };
		0BF9F5E44B39B1C0CAE20D60 /* FirebaseCore in Frameworks */ = {isa = PBXBuildFile; productRef = 9677C0AF43B232BBCB664927 /* FirebaseCore */; };
		0EB81A96E7ACCF9656EE3B03 /* AppLocalizer.swift in Sources */ = {isa = PBXBuildFile; fileRef = 17C911829E999FA726AE34CA /* AppLocalizer.swift */; };
		11B29C1B860576BA49173131 /* URLProtocolStub.swift in Sources */ = {isa = PBXBuildFile; fileRef = C81B6393D94662D1B52074CD /* URLProtocolStub.swift */; };
		1262AB78A90A55FDC104EBFA /* AdultAccessModelTests.swift in Sources */ = {isa = PBXBuildFile; fileRef = 06758C2FF52E108EFDA5861F /* AdultAccessModelTests.swift */; };
		179BC21A18558F42A6174434 /* Assets.xcassets in Resources */ = {isa = PBXBuildFile; fileRef = 33E4F1A31A44AFAA1B950667 /* Assets.xcassets */; };
		1C0C7408C1C3BD9BC40AA8DD /* ImageProcessor.swift in Sources */ = {isa = PBXBuildFile; fileRef = 420AB1475C741D034F377ED5 /* ImageProcessor.swift */; };
		281DF95923950D438919E540 /* ImageProcessorTests.swift in Sources */ = {isa = PBXBuildFile; fileRef = A4112E4199DDA145C4259F58 /* ImageProcessorTests.swift */; };
		2849850C310657DF48A2549D /* AppFlowModelTests.swift in Sources */ = {isa = PBXBuildFile; fileRef = 6400857BE29E701ECD28AD45 /* AppFlowModelTests.swift */; };
		28540AB098FDD7A95786C581 /* AppLaunchTests.swift in Sources */ = {isa = PBXBuildFile; fileRef = 1E73ABC9C469984EDB6513C2 /* AppLaunchTests.swift */; };
		2B84E62BA11BF0BD582E5F48 /* AdultAccessModel.swift in Sources */ = {isa = PBXBuildFile; fileRef = DDA1024331F49606F52F6929 /* AdultAccessModel.swift */; };
		2E9BA91F974E0A3194AEEF93 /* AppEnvironment.swift in Sources */ = {isa = PBXBuildFile; fileRef = 7E0FD041F9961852BEBCE952 /* AppEnvironment.swift */; };
		2F645D551BAC218438A8ED8C /* PrivacyInfo.xcprivacy in Resources */ = {isa = PBXBuildFile; fileRef = B5D1010FE9C58A4607BE39BB /* PrivacyInfo.xcprivacy */; };
		3064588FDADABB949012BEC9 /* GoogleService-Info.plist in Resources */ = {isa = PBXBuildFile; fileRef = 869436BD9072B3CDBC146C27 /* GoogleService-Info.plist */; };
		3137CA31053B20FF32F9C233 /* ResultView.swift in Sources */ = {isa = PBXBuildFile; fileRef = 56CF5C50DE8E5EEAC41D0693 /* ResultView.swift */; };
		35EBB01FC891CDF08980EE72 /* RootView.swift in Sources */ = {isa = PBXBuildFile; fileRef = 1CA2981F04F50E5CEA1262D3 /* RootView.swift */; };
		3E22FB64F8D229506D57386D /* AnalysisAPIClient.swift in Sources */ = {isa = PBXBuildFile; fileRef = 38FF1C75CADEAC16B644F78A /* AnalysisAPIClient.swift */; };
		3FE95E5014EAA04C4DBF4594 /* CameraAuthorizationService.swift in Sources */ = {isa = PBXBuildFile; fileRef = DE0B54C98D9AF703458B7F5C /* CameraAuthorizationService.swift */; };
		45FACFBFA4F51C812868FA26 /* AppConfiguration.swift in Sources */ = {isa = PBXBuildFile; fileRef = 140662A23ADEC0296955D896 /* AppConfiguration.swift */; };
		4DD521D771A85250F5F33682 /* CameraPicker.swift in Sources */ = {isa = PBXBuildFile; fileRef = 6B2C888910D5FB7D9879BD47 /* CameraPicker.swift */; };
		560272B3E721B63F6CEAA75C /* CameraAuthorizationTests.swift in Sources */ = {isa = PBXBuildFile; fileRef = 8B771A52187BCC70E297FF7C /* CameraAuthorizationTests.swift */; };
		5F4FC91DB555ABE6A1981695 /* AppFlowModel.swift in Sources */ = {isa = PBXBuildFile; fileRef = 49B9241745ADD10195E9283D /* AppFlowModel.swift */; };
		65C77351DCD383214DC271AE /* Localizable.strings in Resources */ = {isa = PBXBuildFile; fileRef = 746CD7498DA4454D0EFF6187 /* Localizable.strings */; };
		76228F2FB0ED170C0CCAF25E /* CaptureView.swift in Sources */ = {isa = PBXBuildFile; fileRef = 9F4E835639B3101F4A11EF16 /* CaptureView.swift */; };
		771BE255EE2EF00C982134C4 /* KaloriesApp.swift in Sources */ = {isa = PBXBuildFile; fileRef = 5110ACE21AA819C12B35A6F4 /* KaloriesApp.swift */; };
		7773EB9E56278F48457EE725 /* KaloriesFlowUITests.swift in Sources */ = {isa = PBXBuildFile; fileRef = 36A91330097DA904A8680CF9 /* KaloriesFlowUITests.swift */; };
		7D74742087B7AD977FFFCE0B /* UITestFixturesTests.swift in Sources */ = {isa = PBXBuildFile; fileRef = 0FF9C45B13ACBEAE1D5D37D5 /* UITestFixturesTests.swift */; };
		7D9353369CE08D47FE94F44A /* InfoPlist.strings in Resources */ = {isa = PBXBuildFile; fileRef = 71A42B96B01DB23F6A556CCF /* InfoPlist.strings */; };
		91DC01CD82DC3BDE6BDE4ADF /* AppIdentityTests.swift in Sources */ = {isa = PBXBuildFile; fileRef = 5D3341A57486FA371C62F536 /* AppIdentityTests.swift */; };
		98E562F91F9554D2A5E700E8 /* AppCheckTokenProvider.swift in Sources */ = {isa = PBXBuildFile; fileRef = B180F0EA72EF8427F6B97D76 /* AppCheckTokenProvider.swift */; };
		A5D79473ABFD8599599B1D8A /* AppStoreScreenshotTests.swift in Sources */ = {isa = PBXBuildFile; fileRef = B3CAF84579273E2454929302 /* AppStoreScreenshotTests.swift */; };
		A8158CE9CFD0C56B90C494B9 /* AnalysisAPIClientTests.swift in Sources */ = {isa = PBXBuildFile; fileRef = 17FBEB98A1B3EF091704D340 /* AnalysisAPIClientTests.swift */; };
		AB17204A67869964DB9BDEE8 /* FirebaseAppCheck in Frameworks */ = {isa = PBXBuildFile; productRef = C4BA85F7D70AA6DF93E9DA0C /* FirebaseAppCheck */; };
		B4F9B9108DC194EBD7593BCC /* AppLocalizerTests.swift in Sources */ = {isa = PBXBuildFile; fileRef = 24C5C816C46CBFC8A3DB060F /* AppLocalizerTests.swift */; };
		C735BE289564AF157AFB78B6 /* AdultAccessUITests.swift in Sources */ = {isa = PBXBuildFile; fileRef = E34D44B2197E14C52B5D3B10 /* AdultAccessUITests.swift */; };
		CF4EC5028E97CB00903F8825 /* ResultPresenter.swift in Sources */ = {isa = PBXBuildFile; fileRef = 1BCE2B8815F6D9C45527248D /* ResultPresenter.swift */; };
		D03EF02485D712C7D6941FA3 /* ResultPresenterTests.swift in Sources */ = {isa = PBXBuildFile; fileRef = 8AC2E903E8B1379D71857872 /* ResultPresenterTests.swift */; };
		D38F56162650283BDC5BECA8 /* AnalyzingView.swift in Sources */ = {isa = PBXBuildFile; fileRef = FA3F31216A0338F8ECE146F2 /* AnalyzingView.swift */; };
		D81A1B121F5DE901EF120729 /* FirebaseAppCheckConfigurationTests.swift in Sources */ = {isa = PBXBuildFile; fileRef = 81ACB8F7D2B607044005BD96 /* FirebaseAppCheckConfigurationTests.swift */; };
		DF9CB8B37E2BA4CD83A16BFA /* UITestFixtures.swift in Sources */ = {isa = PBXBuildFile; fileRef = BA881E9221A75DE06A6DEAFA /* UITestFixtures.swift */; };
		E34A09CE6846A1F0BF07B67F /* AnalysisContractTests.swift in Sources */ = {isa = PBXBuildFile; fileRef = BDDEE8E88D0E06092B70B142 /* AnalysisContractTests.swift */; };
		E4E12B49B5233D345973C120 /* ScoreCard.swift in Sources */ = {isa = PBXBuildFile; fileRef = B6616704ADFFFBE9FD7A4BB0 /* ScoreCard.swift */; };
		EEEFC37DB4D6629E93594BB2 /* StrictAnalysisDecoder.swift in Sources */ = {isa = PBXBuildFile; fileRef = 4813BDD27D56243200621FB8 /* StrictAnalysisDecoder.swift */; };
		F4809B4B48466E612D2F7D75 /* NutritionMetricView.swift in Sources */ = {isa = PBXBuildFile; fileRef = 96745D73D0AC23C0E93CAB01 /* NutritionMetricView.swift */; };
/* End PBXBuildFile section */

/* Begin PBXContainerItemProxy section */
		554D7D91B75F73B398B13168 /* PBXContainerItemProxy */ = {
			isa = PBXContainerItemProxy;
			containerPortal = EB8EE1B0A54B703083ABCBCE /* Project object */;
			proxyType = 1;
			remoteGlobalIDString = D81FF50C6D9C82D9B127B2ED;
			remoteInfo = Kalories;
		};
		7B8E54DAA1354809BE0886C9 /* PBXContainerItemProxy */ = {
			isa = PBXContainerItemProxy;
			containerPortal = EB8EE1B0A54B703083ABCBCE /* Project object */;
			proxyType = 1;
			remoteGlobalIDString = D81FF50C6D9C82D9B127B2ED;
			remoteInfo = Kalories;
		};
/* End PBXContainerItemProxy section */

/* Begin PBXFileReference section */
		06758C2FF52E108EFDA5861F /* AdultAccessModelTests.swift */ = {isa = PBXFileReference; lastKnownFileType = sourcecode.swift; path = AdultAccessModelTests.swift; sourceTree = "<group>"; };
		0FF9C45B13ACBEAE1D5D37D5 /* UITestFixturesTests.swift */ = {isa = PBXFileReference; lastKnownFileType = sourcecode.swift; path = UITestFixturesTests.swift; sourceTree = "<group>"; };
		140662A23ADEC0296955D896 /* AppConfiguration.swift */ = {isa = PBXFileReference; lastKnownFileType = sourcecode.swift; path = AppConfiguration.swift; sourceTree = "<group>"; };
		17C911829E999FA726AE34CA /* AppLocalizer.swift */ = {isa = PBXFileReference; lastKnownFileType = sourcecode.swift; path = AppLocalizer.swift; sourceTree = "<group>"; };
		17FBEB98A1B3EF091704D340 /* AnalysisAPIClientTests.swift */ = {isa = PBXFileReference; lastKnownFileType = sourcecode.swift; path = AnalysisAPIClientTests.swift; sourceTree = "<group>"; };
		1BCE2B8815F6D9C45527248D /* ResultPresenter.swift */ = {isa = PBXFileReference; lastKnownFileType = sourcecode.swift; path = ResultPresenter.swift; sourceTree = "<group>"; };
		1CA2981F04F50E5CEA1262D3 /* RootView.swift */ = {isa = PBXFileReference; lastKnownFileType = sourcecode.swift; path = RootView.swift; sourceTree = "<group>"; };
		1E73ABC9C469984EDB6513C2 /* AppLaunchTests.swift */ = {isa = PBXFileReference; lastKnownFileType = sourcecode.swift; path = AppLaunchTests.swift; sourceTree = "<group>"; };
		1E8BD752F796DC0CE62321EC /* ja */ = {isa = PBXFileReference; lastKnownFileType = text.plist.strings; name = ja; path = ja.lproj/InfoPlist.strings; sourceTree = "<group>"; };
		24C5C816C46CBFC8A3DB060F /* AppLocalizerTests.swift */ = {isa = PBXFileReference; lastKnownFileType = sourcecode.swift; path = AppLocalizerTests.swift; sourceTree = "<group>"; };
		278EDD2A0190F0C2534E18D7 /* AnalysisModels.swift */ = {isa = PBXFileReference; lastKnownFileType = sourcecode.swift; path = AnalysisModels.swift; sourceTree = "<group>"; };
		2844322ECCCE2856D1FF6FAC /* KaloriesUITests.xctest */ = {isa = PBXFileReference; includeInIndex = 0; lastKnownFileType = wrapper.cfbundle; path = KaloriesUITests.xctest; sourceTree = BUILT_PRODUCTS_DIR; };
		3024116CAFFEAD712B3F6867 /* zh-Hans */ = {isa = PBXFileReference; lastKnownFileType = text.plist.strings; name = "zh-Hans"; path = "zh-Hans.lproj/InfoPlist.strings"; sourceTree = "<group>"; };
		33E4F1A31A44AFAA1B950667 /* Assets.xcassets */ = {isa = PBXFileReference; lastKnownFileType = folder.assetcatalog; path = Assets.xcassets; sourceTree = "<group>"; };
		36A91330097DA904A8680CF9 /* KaloriesFlowUITests.swift */ = {isa = PBXFileReference; lastKnownFileType = sourcecode.swift; path = KaloriesFlowUITests.swift; sourceTree = "<group>"; };
		38FF1C75CADEAC16B644F78A /* AnalysisAPIClient.swift */ = {isa = PBXFileReference; lastKnownFileType = sourcecode.swift; path = AnalysisAPIClient.swift; sourceTree = "<group>"; };
		420AB1475C741D034F377ED5 /* ImageProcessor.swift */ = {isa = PBXFileReference; lastKnownFileType = sourcecode.swift; path = ImageProcessor.swift; sourceTree = "<group>"; };
		4813BDD27D56243200621FB8 /* StrictAnalysisDecoder.swift */ = {isa = PBXFileReference; lastKnownFileType = sourcecode.swift; path = StrictAnalysisDecoder.swift; sourceTree = "<group>"; };
		49B9241745ADD10195E9283D /* AppFlowModel.swift */ = {isa = PBXFileReference; lastKnownFileType = sourcecode.swift; path = AppFlowModel.swift; sourceTree = "<group>"; };
		5110ACE21AA819C12B35A6F4 /* KaloriesApp.swift */ = {isa = PBXFileReference; lastKnownFileType = sourcecode.swift; path = KaloriesApp.swift; sourceTree = "<group>"; };
		56CF5C50DE8E5EEAC41D0693 /* ResultView.swift */ = {isa = PBXFileReference; lastKnownFileType = sourcecode.swift; path = ResultView.swift; sourceTree = "<group>"; };
		58B1260FD6B6B05A98B9E249 /* Debug.xcconfig */ = {isa = PBXFileReference; lastKnownFileType = text.xcconfig; path = Debug.xcconfig; sourceTree = "<group>"; };
		5D3341A57486FA371C62F536 /* AppIdentityTests.swift */ = {isa = PBXFileReference; lastKnownFileType = sourcecode.swift; path = AppIdentityTests.swift; sourceTree = "<group>"; };
		6400857BE29E701ECD28AD45 /* AppFlowModelTests.swift */ = {isa = PBXFileReference; lastKnownFileType = sourcecode.swift; path = AppFlowModelTests.swift; sourceTree = "<group>"; };
		6B2C888910D5FB7D9879BD47 /* CameraPicker.swift */ = {isa = PBXFileReference; lastKnownFileType = sourcecode.swift; path = CameraPicker.swift; sourceTree = "<group>"; };
		79D3207AE5833386F9BCF2AA /* ja */ = {isa = PBXFileReference; lastKnownFileType = text.plist.strings; name = ja; path = ja.lproj/Localizable.strings; sourceTree = "<group>"; };
		7B1E8AD110BD363DE5D417F7 /* en */ = {isa = PBXFileReference; lastKnownFileType = text.plist.strings; name = en; path = en.lproj/Localizable.strings; sourceTree = "<group>"; };
		7E0FD041F9961852BEBCE952 /* AppEnvironment.swift */ = {isa = PBXFileReference; lastKnownFileType = sourcecode.swift; path = AppEnvironment.swift; sourceTree = "<group>"; };
		7FFEC1E5509BE22EC8CC460A /* zh-Hans */ = {isa = PBXFileReference; lastKnownFileType = text.plist.strings; name = "zh-Hans"; path = "zh-Hans.lproj/Localizable.strings"; sourceTree = "<group>"; };
		81ACB8F7D2B607044005BD96 /* FirebaseAppCheckConfigurationTests.swift */ = {isa = PBXFileReference; lastKnownFileType = sourcecode.swift; path = FirebaseAppCheckConfigurationTests.swift; sourceTree = "<group>"; };
		869436BD9072B3CDBC146C27 /* GoogleService-Info.plist */ = {isa = PBXFileReference; lastKnownFileType = text.plist; path = "GoogleService-Info.plist"; sourceTree = "<group>"; };
		8AC2E903E8B1379D71857872 /* ResultPresenterTests.swift */ = {isa = PBXFileReference; lastKnownFileType = sourcecode.swift; path = ResultPresenterTests.swift; sourceTree = "<group>"; };
		8B771A52187BCC70E297FF7C /* CameraAuthorizationTests.swift */ = {isa = PBXFileReference; lastKnownFileType = sourcecode.swift; path = CameraAuthorizationTests.swift; sourceTree = "<group>"; };
		96745D73D0AC23C0E93CAB01 /* NutritionMetricView.swift */ = {isa = PBXFileReference; lastKnownFileType = sourcecode.swift; path = NutritionMetricView.swift; sourceTree = "<group>"; };
		9F4E835639B3101F4A11EF16 /* CaptureView.swift */ = {isa = PBXFileReference; lastKnownFileType = sourcecode.swift; path = CaptureView.swift; sourceTree = "<group>"; };
		A4112E4199DDA145C4259F58 /* ImageProcessorTests.swift */ = {isa = PBXFileReference; lastKnownFileType = sourcecode.swift; path = ImageProcessorTests.swift; sourceTree = "<group>"; };
		A584BA7AA6F27C245B49543E /* Kalories.app */ = {isa = PBXFileReference; includeInIndex = 0; lastKnownFileType = wrapper.application; path = Kalories.app; sourceTree = BUILT_PRODUCTS_DIR; };
		A5A615D3424247D075A7BB10 /* KaloriesTests.xctest */ = {isa = PBXFileReference; includeInIndex = 0; lastKnownFileType = wrapper.cfbundle; path = KaloriesTests.xctest; sourceTree = BUILT_PRODUCTS_DIR; };
		B180F0EA72EF8427F6B97D76 /* AppCheckTokenProvider.swift */ = {isa = PBXFileReference; lastKnownFileType = sourcecode.swift; path = AppCheckTokenProvider.swift; sourceTree = "<group>"; };
		B3CAF84579273E2454929302 /* AppStoreScreenshotTests.swift */ = {isa = PBXFileReference; lastKnownFileType = sourcecode.swift; path = AppStoreScreenshotTests.swift; sourceTree = "<group>"; };
		B5D1010FE9C58A4607BE39BB /* PrivacyInfo.xcprivacy */ = {isa = PBXFileReference; path = PrivacyInfo.xcprivacy; sourceTree = "<group>"; };
		B6616704ADFFFBE9FD7A4BB0 /* ScoreCard.swift */ = {isa = PBXFileReference; lastKnownFileType = sourcecode.swift; path = ScoreCard.swift; sourceTree = "<group>"; };
		BA881E9221A75DE06A6DEAFA /* UITestFixtures.swift */ = {isa = PBXFileReference; lastKnownFileType = sourcecode.swift; path = UITestFixtures.swift; sourceTree = "<group>"; };
		BDDEE8E88D0E06092B70B142 /* AnalysisContractTests.swift */ = {isa = PBXFileReference; lastKnownFileType = sourcecode.swift; path = AnalysisContractTests.swift; sourceTree = "<group>"; };
		C17FC3967F994490B1391C0B /* Release.xcconfig */ = {isa = PBXFileReference; lastKnownFileType = text.xcconfig; path = Release.xcconfig; sourceTree = "<group>"; };
		C81B6393D94662D1B52074CD /* URLProtocolStub.swift */ = {isa = PBXFileReference; lastKnownFileType = sourcecode.swift; path = URLProtocolStub.swift; sourceTree = "<group>"; };
		DDA1024331F49606F52F6929 /* AdultAccessModel.swift */ = {isa = PBXFileReference; lastKnownFileType = sourcecode.swift; path = AdultAccessModel.swift; sourceTree = "<group>"; };
		DE0B54C98D9AF703458B7F5C /* CameraAuthorizationService.swift */ = {isa = PBXFileReference; lastKnownFileType = sourcecode.swift; path = CameraAuthorizationService.swift; sourceTree = "<group>"; };
		DE7273659FB7E40C56A30407 /* canonical_analysis_result.json */ = {isa = PBXFileReference; lastKnownFileType = text.json; path = canonical_analysis_result.json; sourceTree = "<group>"; };
		E182935A8C4EF9031F4BAD9B /* AdultAccessView.swift */ = {isa = PBXFileReference; lastKnownFileType = sourcecode.swift; path = AdultAccessView.swift; sourceTree = "<group>"; };
		E1DA2C9128519E972D79C1B1 /* Info.plist */ = {isa = PBXFileReference; lastKnownFileType = text.plist; path = Info.plist; sourceTree = "<group>"; };
		E34D44B2197E14C52B5D3B10 /* AdultAccessUITests.swift */ = {isa = PBXFileReference; lastKnownFileType = sourcecode.swift; path = AdultAccessUITests.swift; sourceTree = "<group>"; };
		E48A833BB9E14A2D112C2A6C /* en */ = {isa = PBXFileReference; lastKnownFileType = text.plist.strings; name = en; path = en.lproj/InfoPlist.strings; sourceTree = "<group>"; };
		E856F16D122322BF8BF523AA /* Kalories.entitlements */ = {isa = PBXFileReference; lastKnownFileType = text.plist.entitlements; path = Kalories.entitlements; sourceTree = "<group>"; };
		FA3F31216A0338F8ECE146F2 /* AnalyzingView.swift */ = {isa = PBXFileReference; lastKnownFileType = sourcecode.swift; path = AnalyzingView.swift; sourceTree = "<group>"; };
/* End PBXFileReference section */

/* Begin PBXFrameworksBuildPhase section */
		F70470437ECC5CDA037E60F6 /* Frameworks */ = {
			isa = PBXFrameworksBuildPhase;
			buildActionMask = 2147483647;
			files = (
				0BF9F5E44B39B1C0CAE20D60 /* FirebaseCore in Frameworks */,
				AB17204A67869964DB9BDEE8 /* FirebaseAppCheck in Frameworks */,
			);
			runOnlyForDeploymentPostprocessing = 0;
		};
/* End PBXFrameworksBuildPhase section */

/* Begin PBXGroup section */
		0182BE639413FA03731769FA /* fixtures */ = {
			isa = PBXGroup;
			children = (
				DE7273659FB7E40C56A30407 /* canonical_analysis_result.json */,
			);
			name = fixtures;
			path = ../tests/fixtures;
			sourceTree = "<group>";
		};
		03412DE41B119770A230C0A8 = {
			isa = PBXGroup;
			children = (
				6B339A65D63E2FCA2BE83E16 /* Configuration */,
				0182BE639413FA03731769FA /* fixtures */,
				0A2F9010F0064C320F092E50 /* Kalories */,
				09490A198D84091B041597EA /* KaloriesTests */,
				F095872E953D3A0DA0DF19F2 /* KaloriesUITests */,
				A20D27672DC68DBDA869228B /* Products */,
			);
			sourceTree = "<group>";
		};
		09490A198D84091B041597EA /* KaloriesTests */ = {
			isa = PBXGroup;
			children = (
				06758C2FF52E108EFDA5861F /* AdultAccessModelTests.swift */,
				17FBEB98A1B3EF091704D340 /* AnalysisAPIClientTests.swift */,
				BDDEE8E88D0E06092B70B142 /* AnalysisContractTests.swift */,
				6400857BE29E701ECD28AD45 /* AppFlowModelTests.swift */,
				5D3341A57486FA371C62F536 /* AppIdentityTests.swift */,
				24C5C816C46CBFC8A3DB060F /* AppLocalizerTests.swift */,
				8B771A52187BCC70E297FF7C /* CameraAuthorizationTests.swift */,
				81ACB8F7D2B607044005BD96 /* FirebaseAppCheckConfigurationTests.swift */,
				A4112E4199DDA145C4259F58 /* ImageProcessorTests.swift */,
				8AC2E903E8B1379D71857872 /* ResultPresenterTests.swift */,
				0FF9C45B13ACBEAE1D5D37D5 /* UITestFixturesTests.swift */,
				C81B6393D94662D1B52074CD /* URLProtocolStub.swift */,
			);
			path = KaloriesTests;
			sourceTree = "<group>";
		};
		0A2F9010F0064C320F092E50 /* Kalories */ = {
			isa = PBXGroup;
			children = (
				33E4F1A31A44AFAA1B950667 /* Assets.xcassets */,
				E856F16D122322BF8BF523AA /* Kalories.entitlements */,
				751AA50237FC4C2C0B14C8CC /* App */,
				3D8D17E8C89CB4F1A440BF6E /* Features */,
				779B5E72F3CE938D4EB0CBA4 /* Models */,
				AF5EA88CA4DE4AD535AB0977 /* Resources */,
				292A7A3BF1603F941DDD5AD0 /* Services */,
			);
			path = Kalories;
			sourceTree = "<group>";
		};
		292A7A3BF1603F941DDD5AD0 /* Services */ = {
			isa = PBXGroup;
			children = (
				38FF1C75CADEAC16B644F78A /* AnalysisAPIClient.swift */,
				B180F0EA72EF8427F6B97D76 /* AppCheckTokenProvider.swift */,
				140662A23ADEC0296955D896 /* AppConfiguration.swift */,
				17C911829E999FA726AE34CA /* AppLocalizer.swift */,
				420AB1475C741D034F377ED5 /* ImageProcessor.swift */,
			);
			path = Services;
			sourceTree = "<group>";
		};
		3D8D17E8C89CB4F1A440BF6E /* Features */ = {
			isa = PBXGroup;
			children = (
				BF20CD0CB053B08D3E942E21 /* AdultAccess */,
				DFE88AFCC2FD775E56AF6C8B /* Analysis */,
				CE95906F9698CFBBFC58354A /* Capture */,
				A6595A04ADB5E47505378447 /* Result */,
			);
			path = Features;
			sourceTree = "<group>";
		};
		6B339A65D63E2FCA2BE83E16 /* Configuration */ = {
			isa = PBXGroup;
			children = (
				58B1260FD6B6B05A98B9E249 /* Debug.xcconfig */,
				C17FC3967F994490B1391C0B /* Release.xcconfig */,
			);
			path = Configuration;
			sourceTree = "<group>";
		};
		751AA50237FC4C2C0B14C8CC /* App */ = {
			isa = PBXGroup;
			children = (
				7E0FD041F9961852BEBCE952 /* AppEnvironment.swift */,
				5110ACE21AA819C12B35A6F4 /* KaloriesApp.swift */,
				1CA2981F04F50E5CEA1262D3 /* RootView.swift */,
				BA881E9221A75DE06A6DEAFA /* UITestFixtures.swift */,
			);
			path = App;
			sourceTree = "<group>";
		};
		779B5E72F3CE938D4EB0CBA4 /* Models */ = {
			isa = PBXGroup;
			children = (
				278EDD2A0190F0C2534E18D7 /* AnalysisModels.swift */,
				4813BDD27D56243200621FB8 /* StrictAnalysisDecoder.swift */,
			);
			path = Models;
			sourceTree = "<group>";
		};
		A20D27672DC68DBDA869228B /* Products */ = {
			isa = PBXGroup;
			children = (
				A584BA7AA6F27C245B49543E /* Kalories.app */,
				A5A615D3424247D075A7BB10 /* KaloriesTests.xctest */,
				2844322ECCCE2856D1FF6FAC /* KaloriesUITests.xctest */,
			);
			name = Products;
			sourceTree = "<group>";
		};
		A6595A04ADB5E47505378447 /* Result */ = {
			isa = PBXGroup;
			children = (
				96745D73D0AC23C0E93CAB01 /* NutritionMetricView.swift */,
				1BCE2B8815F6D9C45527248D /* ResultPresenter.swift */,
				56CF5C50DE8E5EEAC41D0693 /* ResultView.swift */,
				B6616704ADFFFBE9FD7A4BB0 /* ScoreCard.swift */,
			);
			path = Result;
			sourceTree = "<group>";
		};
		AF5EA88CA4DE4AD535AB0977 /* Resources */ = {
			isa = PBXGroup;
			children = (
				869436BD9072B3CDBC146C27 /* GoogleService-Info.plist */,
				E1DA2C9128519E972D79C1B1 /* Info.plist */,
				B5D1010FE9C58A4607BE39BB /* PrivacyInfo.xcprivacy */,
				71A42B96B01DB23F6A556CCF /* InfoPlist.strings */,
				746CD7498DA4454D0EFF6187 /* Localizable.strings */,
			);
			path = Resources;
			sourceTree = "<group>";
		};
		BF20CD0CB053B08D3E942E21 /* AdultAccess */ = {
			isa = PBXGroup;
			children = (
				DDA1024331F49606F52F6929 /* AdultAccessModel.swift */,
				E182935A8C4EF9031F4BAD9B /* AdultAccessView.swift */,
			);
			path = AdultAccess;
			sourceTree = "<group>";
		};
		CE95906F9698CFBBFC58354A /* Capture */ = {
			isa = PBXGroup;
			children = (
				DE0B54C98D9AF703458B7F5C /* CameraAuthorizationService.swift */,
				6B2C888910D5FB7D9879BD47 /* CameraPicker.swift */,
				9F4E835639B3101F4A11EF16 /* CaptureView.swift */,
			);
			path = Capture;
			sourceTree = "<group>";
		};
		DFE88AFCC2FD775E56AF6C8B /* Analysis */ = {
			isa = PBXGroup;
			children = (
				FA3F31216A0338F8ECE146F2 /* AnalyzingView.swift */,
				49B9241745ADD10195E9283D /* AppFlowModel.swift */,
			);
			path = Analysis;
			sourceTree = "<group>";
		};
		F095872E953D3A0DA0DF19F2 /* KaloriesUITests */ = {
			isa = PBXGroup;
			children = (
				E34D44B2197E14C52B5D3B10 /* AdultAccessUITests.swift */,
				1E73ABC9C469984EDB6513C2 /* AppLaunchTests.swift */,
				B3CAF84579273E2454929302 /* AppStoreScreenshotTests.swift */,
				36A91330097DA904A8680CF9 /* KaloriesFlowUITests.swift */,
			);
			path = KaloriesUITests;
			sourceTree = "<group>";
		};
/* End PBXGroup section */

/* Begin PBXNativeTarget section */
		4C532C0848A3293E141FF54A /* KaloriesUITests */ = {
			isa = PBXNativeTarget;
			buildConfigurationList = 918740F01DA185687C035DBC /* Build configuration list for PBXNativeTarget "KaloriesUITests" */;
			buildPhases = (
				AF168F5B4C8FA23F84EDF278 /* Sources */,
			);
			buildRules = (
			);
			dependencies = (
				908C220505FF773E2BBEAFCF /* PBXTargetDependency */,
			);
			name = KaloriesUITests;
			packageProductDependencies = (
			);
			productName = KaloriesUITests;
			productReference = 2844322ECCCE2856D1FF6FAC /* KaloriesUITests.xctest */;
			productType = "com.apple.product-type.bundle.ui-testing";
		};
		D81FF50C6D9C82D9B127B2ED /* Kalories */ = {
			isa = PBXNativeTarget;
			buildConfigurationList = 4DC927821EA81809E39B5AD5 /* Build configuration list for PBXNativeTarget "Kalories" */;
			buildPhases = (
				889E727387C336BED200B73D /* Sources */,
				AE6843DBDB11B649F9F84732 /* Resources */,
				F70470437ECC5CDA037E60F6 /* Frameworks */,
			);
			buildRules = (
			);
			dependencies = (
			);
			name = Kalories;
			packageProductDependencies = (
				9677C0AF43B232BBCB664927 /* FirebaseCore */,
				C4BA85F7D70AA6DF93E9DA0C /* FirebaseAppCheck */,
			);
			productName = Kalories;
			productReference = A584BA7AA6F27C245B49543E /* Kalories.app */;
			productType = "com.apple.product-type.application";
		};
		E2F08129DF0482AEAFECF060 /* KaloriesTests */ = {
			isa = PBXNativeTarget;
			buildConfigurationList = 3E8B911B51B81F90DB81E106 /* Build configuration list for PBXNativeTarget "KaloriesTests" */;
			buildPhases = (
				5F542C9CA0709A81921758DF /* Sources */,
				BEBB9D649C97A4B334898E65 /* Resources */,
			);
			buildRules = (
			);
			dependencies = (
				D98BC2AC3C6D40024B6B8AED /* PBXTargetDependency */,
			);
			name = KaloriesTests;
			packageProductDependencies = (
			);
			productName = KaloriesTests;
			productReference = A5A615D3424247D075A7BB10 /* KaloriesTests.xctest */;
			productType = "com.apple.product-type.bundle.unit-test";
		};
/* End PBXNativeTarget section */

/* Begin PBXProject section */
		EB8EE1B0A54B703083ABCBCE /* Project object */ = {
			isa = PBXProject;
			attributes = {
				BuildIndependentTargetsInParallel = YES;
				LastUpgradeCheck = 1430;
				TargetAttributes = {
					4C532C0848A3293E141FF54A = {
						DevelopmentTeam = YMUG864233;
						TestTargetID = D81FF50C6D9C82D9B127B2ED;
					};
					D81FF50C6D9C82D9B127B2ED = {
						DevelopmentTeam = YMUG864233;
					};
					E2F08129DF0482AEAFECF060 = {
						DevelopmentTeam = YMUG864233;
					};
				};
			};
			buildConfigurationList = 6377E585B71FBD687B0E5A92 /* Build configuration list for PBXProject "Kalories" */;
			developmentRegion = ja;
			hasScannedForEncodings = 0;
			knownRegions = (
				Base,
				en,
				ja,
				"zh-Hans",
			);
			mainGroup = 03412DE41B119770A230C0A8;
			minimizedProjectReferenceProxies = 1;
			packageReferences = (
				9BCFCA63E0F4D46801971C72 /* XCRemoteSwiftPackageReference "firebase-ios-sdk" */,
			);
			preferredProjectObjectVersion = 77;
			productRefGroup = A20D27672DC68DBDA869228B /* Products */;
			projectDirPath = "";
			projectRoot = "";
			targets = (
				D81FF50C6D9C82D9B127B2ED /* Kalories */,
				E2F08129DF0482AEAFECF060 /* KaloriesTests */,
				4C532C0848A3293E141FF54A /* KaloriesUITests */,
			);
		};
/* End PBXProject section */

/* Begin PBXResourcesBuildPhase section */
		AE6843DBDB11B649F9F84732 /* Resources */ = {
			isa = PBXResourcesBuildPhase;
			buildActionMask = 2147483647;
			files = (
				179BC21A18558F42A6174434 /* Assets.xcassets in Resources */,
				3064588FDADABB949012BEC9 /* GoogleService-Info.plist in Resources */,
				7D9353369CE08D47FE94F44A /* InfoPlist.strings in Resources */,
				65C77351DCD383214DC271AE /* Localizable.strings in Resources */,
				2F645D551BAC218438A8ED8C /* PrivacyInfo.xcprivacy in Resources */,
			);
			runOnlyForDeploymentPostprocessing = 0;
		};
		BEBB9D649C97A4B334898E65 /* Resources */ = {
			isa = PBXResourcesBuildPhase;
			buildActionMask = 2147483647;
			files = (
				021B109926DDA7BEF443D286 /* canonical_analysis_result.json in Resources */,
			);
			runOnlyForDeploymentPostprocessing = 0;
		};
/* End PBXResourcesBuildPhase section */

/* Begin PBXSourcesBuildPhase section */
		5F542C9CA0709A81921758DF /* Sources */ = {
			isa = PBXSourcesBuildPhase;
			buildActionMask = 2147483647;
			files = (
				1262AB78A90A55FDC104EBFA /* AdultAccessModelTests.swift in Sources */,
				A8158CE9CFD0C56B90C494B9 /* AnalysisAPIClientTests.swift in Sources */,
				E34A09CE6846A1F0BF07B67F /* AnalysisContractTests.swift in Sources */,
				2849850C310657DF48A2549D /* AppFlowModelTests.swift in Sources */,
				91DC01CD82DC3BDE6BDE4ADF /* AppIdentityTests.swift in Sources */,
				B4F9B9108DC194EBD7593BCC /* AppLocalizerTests.swift in Sources */,
				560272B3E721B63F6CEAA75C /* CameraAuthorizationTests.swift in Sources */,
				D81A1B121F5DE901EF120729 /* FirebaseAppCheckConfigurationTests.swift in Sources */,
				281DF95923950D438919E540 /* ImageProcessorTests.swift in Sources */,
				D03EF02485D712C7D6941FA3 /* ResultPresenterTests.swift in Sources */,
				7D74742087B7AD977FFFCE0B /* UITestFixturesTests.swift in Sources */,
				11B29C1B860576BA49173131 /* URLProtocolStub.swift in Sources */,
			);
			runOnlyForDeploymentPostprocessing = 0;
		};
		889E727387C336BED200B73D /* Sources */ = {
			isa = PBXSourcesBuildPhase;
			buildActionMask = 2147483647;
			files = (
				2B84E62BA11BF0BD582E5F48 /* AdultAccessModel.swift in Sources */,
				0511505D12DDD5FF32250E0F /* AdultAccessView.swift in Sources */,
				3E22FB64F8D229506D57386D /* AnalysisAPIClient.swift in Sources */,
				01209E2397B3E1985BB426E6 /* AnalysisModels.swift in Sources */,
				D38F56162650283BDC5BECA8 /* AnalyzingView.swift in Sources */,
				98E562F91F9554D2A5E700E8 /* AppCheckTokenProvider.swift in Sources */,
				45FACFBFA4F51C812868FA26 /* AppConfiguration.swift in Sources */,
				2E9BA91F974E0A3194AEEF93 /* AppEnvironment.swift in Sources */,
				5F4FC91DB555ABE6A1981695 /* AppFlowModel.swift in Sources */,
				0EB81A96E7ACCF9656EE3B03 /* AppLocalizer.swift in Sources */,
				3FE95E5014EAA04C4DBF4594 /* CameraAuthorizationService.swift in Sources */,
				4DD521D771A85250F5F33682 /* CameraPicker.swift in Sources */,
				76228F2FB0ED170C0CCAF25E /* CaptureView.swift in Sources */,
				1C0C7408C1C3BD9BC40AA8DD /* ImageProcessor.swift in Sources */,
				771BE255EE2EF00C982134C4 /* KaloriesApp.swift in Sources */,
				F4809B4B48466E612D2F7D75 /* NutritionMetricView.swift in Sources */,
				CF4EC5028E97CB00903F8825 /* ResultPresenter.swift in Sources */,
				3137CA31053B20FF32F9C233 /* ResultView.swift in Sources */,
				35EBB01FC891CDF08980EE72 /* RootView.swift in Sources */,
				E4E12B49B5233D345973C120 /* ScoreCard.swift in Sources */,
				EEEFC37DB4D6629E93594BB2 /* StrictAnalysisDecoder.swift in Sources */,
				DF9CB8B37E2BA4CD83A16BFA /* UITestFixtures.swift in Sources */,
			);
			runOnlyForDeploymentPostprocessing = 0;
		};
		AF168F5B4C8FA23F84EDF278 /* Sources */ = {
			isa = PBXSourcesBuildPhase;
			buildActionMask = 2147483647;
			files = (
				C735BE289564AF157AFB78B6 /* AdultAccessUITests.swift in Sources */,
				28540AB098FDD7A95786C581 /* AppLaunchTests.swift in Sources */,
				A5D79473ABFD8599599B1D8A /* AppStoreScreenshotTests.swift in Sources */,
				7773EB9E56278F48457EE725 /* KaloriesFlowUITests.swift in Sources */,
			);
			runOnlyForDeploymentPostprocessing = 0;
		};
/* End PBXSourcesBuildPhase section */

/* Begin PBXTargetDependency section */
		908C220505FF773E2BBEAFCF /* PBXTargetDependency */ = {
			isa = PBXTargetDependency;
			target = D81FF50C6D9C82D9B127B2ED /* Kalories */;
			targetProxy = 7B8E54DAA1354809BE0886C9 /* PBXContainerItemProxy */;
		};
		D98BC2AC3C6D40024B6B8AED /* PBXTargetDependency */ = {
			isa = PBXTargetDependency;
			target = D81FF50C6D9C82D9B127B2ED /* Kalories */;
			targetProxy = 554D7D91B75F73B398B13168 /* PBXContainerItemProxy */;
		};
/* End PBXTargetDependency section */

/* Begin PBXVariantGroup section */
		71A42B96B01DB23F6A556CCF /* InfoPlist.strings */ = {
			isa = PBXVariantGroup;
			children = (
				E48A833BB9E14A2D112C2A6C /* en */,
				1E8BD752F796DC0CE62321EC /* ja */,
				3024116CAFFEAD712B3F6867 /* zh-Hans */,
			);
			name = InfoPlist.strings;
			sourceTree = "<group>";
		};
		746CD7498DA4454D0EFF6187 /* Localizable.strings */ = {
			isa = PBXVariantGroup;
			children = (
				7B1E8AD110BD363DE5D417F7 /* en */,
				79D3207AE5833386F9BCF2AA /* ja */,
				7FFEC1E5509BE22EC8CC460A /* zh-Hans */,
			);
			name = Localizable.strings;
			sourceTree = "<group>";
		};
/* End PBXVariantGroup section */

/* Begin XCBuildConfiguration section */
		4395FB82534F5B161394178C /* Debug */ = {
			isa = XCBuildConfiguration;
			buildSettings = {
				ALWAYS_SEARCH_USER_PATHS = NO;
				CLANG_ANALYZER_NONNULL = YES;
				CLANG_ANALYZER_NUMBER_OBJECT_CONVERSION = YES_AGGRESSIVE;
				CLANG_CXX_LANGUAGE_STANDARD = "gnu++14";
				CLANG_CXX_LIBRARY = "libc++";
				CLANG_ENABLE_MODULES = YES;
				CLANG_ENABLE_OBJC_ARC = YES;
				CLANG_ENABLE_OBJC_WEAK = YES;
				CLANG_WARN_BLOCK_CAPTURE_AUTORELEASING = YES;
				CLANG_WARN_BOOL_CONVERSION = YES;
				CLANG_WARN_COMMA = YES;
				CLANG_WARN_CONSTANT_CONVERSION = YES;
				CLANG_WARN_DEPRECATED_OBJC_IMPLEMENTATIONS = YES;
				CLANG_WARN_DIRECT_OBJC_ISA_USAGE = YES_ERROR;
				CLANG_WARN_DOCUMENTATION_COMMENTS = YES;
				CLANG_WARN_EMPTY_BODY = YES;
				CLANG_WARN_ENUM_CONVERSION = YES;
				CLANG_WARN_INFINITE_RECURSION = YES;
				CLANG_WARN_INT_CONVERSION = YES;
				CLANG_WARN_NON_LITERAL_NULL_CONVERSION = YES;
				CLANG_WARN_OBJC_IMPLICIT_RETAIN_SELF = YES;
				CLANG_WARN_OBJC_LITERAL_CONVERSION = YES;
				CLANG_WARN_OBJC_ROOT_CLASS = YES_ERROR;
				CLANG_WARN_QUOTED_INCLUDE_IN_FRAMEWORK_HEADER = YES;
				CLANG_WARN_RANGE_LOOP_ANALYSIS = YES;
				CLANG_WARN_STRICT_PROTOTYPES = YES;
				CLANG_WARN_SUSPICIOUS_MOVE = YES;
				CLANG_WARN_UNGUARDED_AVAILABILITY = YES_AGGRESSIVE;
				CLANG_WARN_UNREACHABLE_CODE = YES;
				CLANG_WARN__DUPLICATE_METHOD_MATCH = YES;
				COPY_PHASE_STRIP = NO;
				CURRENT_PROJECT_VERSION = 1;
				DEBUG_INFORMATION_FORMAT = dwarf;
				DEVELOPMENT_TEAM = YMUG864233;
				ENABLE_STRICT_OBJC_MSGSEND = YES;
				ENABLE_TESTABILITY = YES;
				GCC_C_LANGUAGE_STANDARD = gnu11;
				GCC_DYNAMIC_NO_PIC = NO;
				GCC_NO_COMMON_BLOCKS = YES;
				GCC_OPTIMIZATION_LEVEL = 0;
				GCC_PREPROCESSOR_DEFINITIONS = (
					"$(inherited)",
					"DEBUG=1",
				);
				GCC_WARN_64_TO_32_BIT_CONVERSION = YES;
				GCC_WARN_ABOUT_RETURN_TYPE = YES_ERROR;
				GCC_WARN_UNDECLARED_SELECTOR = YES;
				GCC_WARN_UNINITIALIZED_AUTOS = YES_AGGRESSIVE;
				GCC_WARN_UNUSED_FUNCTION = YES;
				GCC_WARN_UNUSED_VARIABLE = YES;
				IPHONEOS_DEPLOYMENT_TARGET = 17.0;
				MARKETING_VERSION = 1.0.0;
				MTL_ENABLE_DEBUG_INFO = INCLUDE_SOURCE;
				MTL_FAST_MATH = YES;
				ONLY_ACTIVE_ARCH = YES;
				PRODUCT_NAME = "$(TARGET_NAME)";
				SDKROOT = iphoneos;
				SUPPORTS_MACCATALYST = NO;
				SUPPORTS_MAC_DESIGNED_FOR_IPHONE_IPAD = NO;
				SWIFT_ACTIVE_COMPILATION_CONDITIONS = DEBUG;
				SWIFT_OPTIMIZATION_LEVEL = "-Onone";
				SWIFT_STRICT_CONCURRENCY = complete;
				SWIFT_VERSION = 6.0;
				TARGETED_DEVICE_FAMILY = 1;
			};
			name = Debug;
		};
		6B78B74B76A942CDAF1D0947 /* Debug */ = {
			isa = XCBuildConfiguration;
			buildSettings = {
				BUNDLE_LOADER = "$(TEST_HOST)";
				GENERATE_INFOPLIST_FILE = YES;
				IPHONEOS_DEPLOYMENT_TARGET = 17.0;
				LD_RUNPATH_SEARCH_PATHS = (
					"$(inherited)",
					"@executable_path/Frameworks",
					"@loader_path/Frameworks",
				);
				PRODUCT_BUNDLE_IDENTIFIER = com.ryuaistudio.kalories.uitests;
				SDKROOT = iphoneos;
				TARGETED_DEVICE_FAMILY = 1;
				TEST_TARGET_NAME = Kalories;
			};
			name = Debug;
		};
		84E3967874EFDB0C1393E7A8 /* Release */ = {
			isa = XCBuildConfiguration;
			buildSettings = {
				ALWAYS_SEARCH_USER_PATHS = NO;
				CLANG_ANALYZER_NONNULL = YES;
				CLANG_ANALYZER_NUMBER_OBJECT_CONVERSION = YES_AGGRESSIVE;
				CLANG_CXX_LANGUAGE_STANDARD = "gnu++14";
				CLANG_CXX_LIBRARY = "libc++";
				CLANG_ENABLE_MODULES = YES;
				CLANG_ENABLE_OBJC_ARC = YES;
				CLANG_ENABLE_OBJC_WEAK = YES;
				CLANG_WARN_BLOCK_CAPTURE_AUTORELEASING = YES;
				CLANG_WARN_BOOL_CONVERSION = YES;
				CLANG_WARN_COMMA = YES;
				CLANG_WARN_CONSTANT_CONVERSION = YES;
				CLANG_WARN_DEPRECATED_OBJC_IMPLEMENTATIONS = YES;
				CLANG_WARN_DIRECT_OBJC_ISA_USAGE = YES_ERROR;
				CLANG_WARN_DOCUMENTATION_COMMENTS = YES;
				CLANG_WARN_EMPTY_BODY = YES;
				CLANG_WARN_ENUM_CONVERSION = YES;
				CLANG_WARN_INFINITE_RECURSION = YES;
				CLANG_WARN_INT_CONVERSION = YES;
				CLANG_WARN_NON_LITERAL_NULL_CONVERSION = YES;
				CLANG_WARN_OBJC_IMPLICIT_RETAIN_SELF = YES;
				CLANG_WARN_OBJC_LITERAL_CONVERSION = YES;
				CLANG_WARN_OBJC_ROOT_CLASS = YES_ERROR;
				CLANG_WARN_QUOTED_INCLUDE_IN_FRAMEWORK_HEADER = YES;
				CLANG_WARN_RANGE_LOOP_ANALYSIS = YES;
				CLANG_WARN_STRICT_PROTOTYPES = YES;
				CLANG_WARN_SUSPICIOUS_MOVE = YES;
				CLANG_WARN_UNGUARDED_AVAILABILITY = YES_AGGRESSIVE;
				CLANG_WARN_UNREACHABLE_CODE = YES;
				CLANG_WARN__DUPLICATE_METHOD_MATCH = YES;
				COPY_PHASE_STRIP = NO;
				CURRENT_PROJECT_VERSION = 1;
				DEBUG_INFORMATION_FORMAT = "dwarf-with-dsym";
				DEVELOPMENT_TEAM = YMUG864233;
				ENABLE_NS_ASSERTIONS = NO;
				ENABLE_STRICT_OBJC_MSGSEND = YES;
				GCC_C_LANGUAGE_STANDARD = gnu11;
				GCC_NO_COMMON_BLOCKS = YES;
				GCC_WARN_64_TO_32_BIT_CONVERSION = YES;
				GCC_WARN_ABOUT_RETURN_TYPE = YES_ERROR;
				GCC_WARN_UNDECLARED_SELECTOR = YES;
				GCC_WARN_UNINITIALIZED_AUTOS = YES_AGGRESSIVE;
				GCC_WARN_UNUSED_FUNCTION = YES;
				GCC_WARN_UNUSED_VARIABLE = YES;
				IPHONEOS_DEPLOYMENT_TARGET = 17.0;
				MARKETING_VERSION = 1.0.0;
				MTL_ENABLE_DEBUG_INFO = NO;
				MTL_FAST_MATH = YES;
				PRODUCT_NAME = "$(TARGET_NAME)";
				SDKROOT = iphoneos;
				SUPPORTS_MACCATALYST = NO;
				SUPPORTS_MAC_DESIGNED_FOR_IPHONE_IPAD = NO;
				SWIFT_COMPILATION_MODE = wholemodule;
				SWIFT_OPTIMIZATION_LEVEL = "-O";
				SWIFT_STRICT_CONCURRENCY = complete;
				SWIFT_VERSION = 6.0;
				TARGETED_DEVICE_FAMILY = 1;
			};
			name = Release;
		};
		9A19B06D7002DF74E9FAF447 /* Release */ = {
			isa = XCBuildConfiguration;
			buildSettings = {
				BUNDLE_LOADER = "$(TEST_HOST)";
				GENERATE_INFOPLIST_FILE = YES;
				IPHONEOS_DEPLOYMENT_TARGET = 17.0;
				LD_RUNPATH_SEARCH_PATHS = (
					"$(inherited)",
					"@executable_path/Frameworks",
					"@loader_path/Frameworks",
				);
				PRODUCT_BUNDLE_IDENTIFIER = com.ryuaistudio.kalories.uitests;
				SDKROOT = iphoneos;
				TARGETED_DEVICE_FAMILY = 1;
				TEST_TARGET_NAME = Kalories;
			};
			name = Release;
		};
		A8637F8721A5642EC26ACF0A /* Release */ = {
			isa = XCBuildConfiguration;
			buildSettings = {
				BUNDLE_LOADER = "$(TEST_HOST)";
				GENERATE_INFOPLIST_FILE = YES;
				IPHONEOS_DEPLOYMENT_TARGET = 17.0;
				LD_RUNPATH_SEARCH_PATHS = (
					"$(inherited)",
					"@executable_path/Frameworks",
					"@loader_path/Frameworks",
				);
				PRODUCT_BUNDLE_IDENTIFIER = com.ryuaistudio.kalories.tests;
				SDKROOT = iphoneos;
				TARGETED_DEVICE_FAMILY = 1;
				TEST_HOST = "$(BUILT_PRODUCTS_DIR)/Kalories.app/Kalories";
			};
			name = Release;
		};
		BB51A292BE7A853E6E640F02 /* Debug */ = {
			isa = XCBuildConfiguration;
			buildSettings = {
				BUNDLE_LOADER = "$(TEST_HOST)";
				GENERATE_INFOPLIST_FILE = YES;
				IPHONEOS_DEPLOYMENT_TARGET = 17.0;
				LD_RUNPATH_SEARCH_PATHS = (
					"$(inherited)",
					"@executable_path/Frameworks",
					"@loader_path/Frameworks",
				);
				PRODUCT_BUNDLE_IDENTIFIER = com.ryuaistudio.kalories.tests;
				SDKROOT = iphoneos;
				TARGETED_DEVICE_FAMILY = 1;
				TEST_HOST = "$(BUILT_PRODUCTS_DIR)/Kalories.app/Kalories";
			};
			name = Debug;
		};
		E6BCF26DCDBD9CB4FF48827E /* Release */ = {
			isa = XCBuildConfiguration;
			baseConfigurationReference = C17FC3967F994490B1391C0B /* Release.xcconfig */;
			buildSettings = {
				ASSETCATALOG_COMPILER_APPICON_NAME = AppIcon;
				ASSETCATALOG_COMPILER_GLOBAL_ACCENT_COLOR_NAME = AccentColor;
				CODE_SIGN_ENTITLEMENTS = Kalories/Kalories.entitlements;
				CODE_SIGN_IDENTITY = "Apple Distribution";
				CODE_SIGN_STYLE = Manual;
				GENERATE_INFOPLIST_FILE = NO;
				INFOPLIST_FILE = Kalories/Resources/Info.plist;
				LD_RUNPATH_SEARCH_PATHS = (
					"$(inherited)",
					"@executable_path/Frameworks",
				);
				PRODUCT_BUNDLE_IDENTIFIER = com.ryuaistudio.kalories;
				PRODUCT_NAME = Kalories;
				PROVISIONING_PROFILE_SPECIFIER = "Kalories App Store";
				SDKROOT = iphoneos;
				TARGETED_DEVICE_FAMILY = 1;
			};
			name = Release;
		};
		F265CA703FE055FB500CA13F /* Debug */ = {
			isa = XCBuildConfiguration;
			baseConfigurationReference = 58B1260FD6B6B05A98B9E249 /* Debug.xcconfig */;
			buildSettings = {
				ASSETCATALOG_COMPILER_APPICON_NAME = AppIcon;
				ASSETCATALOG_COMPILER_GLOBAL_ACCENT_COLOR_NAME = AccentColor;
				CODE_SIGN_ENTITLEMENTS = Kalories/Kalories.entitlements;
				CODE_SIGN_IDENTITY = "iPhone Developer";
				GENERATE_INFOPLIST_FILE = NO;
				INFOPLIST_FILE = Kalories/Resources/Info.plist;
				LD_RUNPATH_SEARCH_PATHS = (
					"$(inherited)",
					"@executable_path/Frameworks",
				);
				PRODUCT_BUNDLE_IDENTIFIER = com.ryuaistudio.kalories;
				PRODUCT_NAME = Kalories;
				SDKROOT = iphoneos;
				TARGETED_DEVICE_FAMILY = 1;
			};
			name = Debug;
		};
/* End XCBuildConfiguration section */

/* Begin XCConfigurationList section */
		3E8B911B51B81F90DB81E106 /* Build configuration list for PBXNativeTarget "KaloriesTests" */ = {
			isa = XCConfigurationList;
			buildConfigurations = (
				BB51A292BE7A853E6E640F02 /* Debug */,
				A8637F8721A5642EC26ACF0A /* Release */,
			);
			defaultConfigurationIsVisible = 0;
			defaultConfigurationName = Debug;
		};
		4DC927821EA81809E39B5AD5 /* Build configuration list for PBXNativeTarget "Kalories" */ = {
			isa = XCConfigurationList;
			buildConfigurations = (
				F265CA703FE055FB500CA13F /* Debug */,
				E6BCF26DCDBD9CB4FF48827E /* Release */,
			);
			defaultConfigurationIsVisible = 0;
			defaultConfigurationName = Debug;
		};
		6377E585B71FBD687B0E5A92 /* Build configuration list for PBXProject "Kalories" */ = {
			isa = XCConfigurationList;
			buildConfigurations = (
				4395FB82534F5B161394178C /* Debug */,
				84E3967874EFDB0C1393E7A8 /* Release */,
			);
			defaultConfigurationIsVisible = 0;
			defaultConfigurationName = Debug;
		};
		918740F01DA185687C035DBC /* Build configuration list for PBXNativeTarget "KaloriesUITests" */ = {
			isa = XCConfigurationList;
			buildConfigurations = (
				6B78B74B76A942CDAF1D0947 /* Debug */,
				9A19B06D7002DF74E9FAF447 /* Release */,
			);
			defaultConfigurationIsVisible = 0;
			defaultConfigurationName = Debug;
		};
/* End XCConfigurationList section */

/* Begin XCRemoteSwiftPackageReference section */
		9BCFCA63E0F4D46801971C72 /* XCRemoteSwiftPackageReference "firebase-ios-sdk" */ = {
			isa = XCRemoteSwiftPackageReference;
			repositoryURL = "https://github.com/firebase/firebase-ios-sdk.git";
			requirement = {
				kind = exactVersion;
				version = 12.17.0;
			};
		};
/* End XCRemoteSwiftPackageReference section */

/* Begin XCSwiftPackageProductDependency section */
		9677C0AF43B232BBCB664927 /* FirebaseCore */ = {
			isa = XCSwiftPackageProductDependency;
			package = 9BCFCA63E0F4D46801971C72 /* XCRemoteSwiftPackageReference "firebase-ios-sdk" */;
			productName = FirebaseCore;
		};
		C4BA85F7D70AA6DF93E9DA0C /* FirebaseAppCheck */ = {
			isa = XCSwiftPackageProductDependency;
			package = 9BCFCA63E0F4D46801971C72 /* XCRemoteSwiftPackageReference "firebase-ios-sdk" */;
			productName = FirebaseAppCheck;
		};
/* End XCSwiftPackageProductDependency section */
	};
	rootObject = EB8EE1B0A54B703083ABCBCE /* Project object */;
}
