// !$*UTF8*$!
{
	archiveVersion = 1;
	classes = {
	};
	objectVersion = 77;
	objects = {

/* Begin PBXBuildFile section */
		01209E2397B3E1985BB426E6 /* AnalysisModels.swift in Sources */ = {isa = PBXBuildFile; fileRef = 278EDD2A0190F0C2534E18D7 /* AnalysisModels.swift */; };
		021B109926DDA7BEF443D286 /* canonical_analysis_result.json in Resources */ = {isa = PBXBuildFile; fileRef = DE7273659FB7E40C56A30407 /* canonical_analysis_result.json */; };
		0EB81A96E7ACCF9656EE3B03 /* AppLocalizer.swift in Sources */ = {isa = PBXBuildFile; fileRef = 17C911829E999FA726AE34CA /* AppLocalizer.swift */; };
		11B29C1B860576BA49173131 /* URLProtocolStub.swift in Sources */ = {isa = PBXBuildFile; fileRef = C81B6393D94662D1B52074CD /* URLProtocolStub.swift */; };
		1C0C7408C1C3BD9BC40AA8DD /* ImageProcessor.swift in Sources */ = {isa = PBXBuildFile; fileRef = 420AB1475C741D034F377ED5 /* ImageProcessor.swift */; };
		281DF95923950D438919E540 /* ImageProcessorTests.swift in Sources */ = {isa = PBXBuildFile; fileRef = A4112E4199DDA145C4259F58 /* ImageProcessorTests.swift */; };
		28540AB098FDD7A95786C581 /* AppLaunchTests.swift in Sources */ = {isa = PBXBuildFile; fileRef = 1E73ABC9C469984EDB6513C2 /* AppLaunchTests.swift */; };
		3E22FB64F8D229506D57386D /* AnalysisAPIClient.swift in Sources */ = {isa = PBXBuildFile; fileRef = 38FF1C75CADEAC16B644F78A /* AnalysisAPIClient.swift */; };
		45FACFBFA4F51C812868FA26 /* AppConfiguration.swift in Sources */ = {isa = PBXBuildFile; fileRef = 140662A23ADEC0296955D896 /* AppConfiguration.swift */; };
		65C77351DCD383214DC271AE /* Localizable.strings in Resources */ = {isa = PBXBuildFile; fileRef = 746CD7498DA4454D0EFF6187 /* Localizable.strings */; };
		771BE255EE2EF00C982134C4 /* KaloriesApp.swift in Sources */ = {isa = PBXBuildFile; fileRef = 5110ACE21AA819C12B35A6F4 /* KaloriesApp.swift */; };
		7D9353369CE08D47FE94F44A /* InfoPlist.strings in Resources */ = {isa = PBXBuildFile; fileRef = 71A42B96B01DB23F6A556CCF /* InfoPlist.strings */; };
		91DC01CD82DC3BDE6BDE4ADF /* AppIdentityTests.swift in Sources */ = {isa = PBXBuildFile; fileRef = 5D3341A57486FA371C62F536 /* AppIdentityTests.swift */; };
		A8158CE9CFD0C56B90C494B9 /* AnalysisAPIClientTests.swift in Sources */ = {isa = PBXBuildFile; fileRef = 17FBEB98A1B3EF091704D340 /* AnalysisAPIClientTests.swift */; };
		B4F9B9108DC194EBD7593BCC /* AppLocalizerTests.swift in Sources */ = {isa = PBXBuildFile; fileRef = 24C5C816C46CBFC8A3DB060F /* AppLocalizerTests.swift */; };
		E34A09CE6846A1F0BF07B67F /* AnalysisContractTests.swift in Sources */ = {isa = PBXBuildFile; fileRef = BDDEE8E88D0E06092B70B142 /* AnalysisContractTests.swift */; };
		EEEFC37DB4D6629E93594BB2 /* StrictAnalysisDecoder.swift in Sources */ = {isa = PBXBuildFile; fileRef = 4813BDD27D56243200621FB8 /* StrictAnalysisDecoder.swift */; };
/* End PBXBuildFile section */

/* Begin PBXContainerItemProxy section */
		554D7D91B75F73B398B13168 /* PBXContainerItemProxy */ = {
			isa = PBXContainerItemProxy;
			containerPortal = EB8EE1B0A54B703083ABCBCE /* Project object */;
			proxyType = 1;
			remoteGlobalIDString = D81FF50C6D9C82D9B127B2ED;
			remoteInfo = Kalories;
		};
		7B8E54DAA1354809BE0886C9 /* PBXContainerItemProxy */ = {
			isa = PBXContainerItemProxy;
			containerPortal = EB8EE1B0A54B703083ABCBCE /* Project object */;
			proxyType = 1;
			remoteGlobalIDString = D81FF50C6D9C82D9B127B2ED;
			remoteInfo = Kalories;
		};
/* End PBXContainerItemProxy section */

/* Begin PBXFileReference section */
		140662A23ADEC0296955D896 /* AppConfiguration.swift */ = {isa = PBXFileReference; lastKnownFileType = sourcecode.swift; path = AppConfiguration.swift; sourceTree = "<group>"; };
		17C911829E999FA726AE34CA /* AppLocalizer.swift */ = {isa = PBXFileReference; lastKnownFileType = sourcecode.swift; path = AppLocalizer.swift; sourceTree = "<group>"; };
		17FBEB98A1B3EF091704D340 /* AnalysisAPIClientTests.swift */ = {isa = PBXFileReference; lastKnownFileType = sourcecode.swift; path = AnalysisAPIClientTests.swift; sourceTree = "<group>"; };
		1E73ABC9C469984EDB6513C2 /* AppLaunchTests.swift */ = {isa = PBXFileReference; lastKnownFileType = sourcecode.swift; path = AppLaunchTests.swift; sourceTree = "<group>"; };
		1E8BD752F796DC0CE62321EC /* ja */ = {isa = PBXFileReference; lastKnownFileType = text.plist.strings; name = ja; path = ja.lproj/InfoPlist.strings; sourceTree = "<group>"; };
		24C5C816C46CBFC8A3DB060F /* AppLocalizerTests.swift */ = {isa = PBXFileReference; lastKnownFileType = sourcecode.swift; path = AppLocalizerTests.swift; sourceTree = "<group>"; };
		278EDD2A0190F0C2534E18D7 /* AnalysisModels.swift */ = {isa = PBXFileReference; lastKnownFileType = sourcecode.swift; path = AnalysisModels.swift; sourceTree = "<group>"; };
		2844322ECCCE2856D1FF6FAC /* KaloriesUITests.xctest */ = {isa = PBXFileReference; includeInIndex = 0; lastKnownFileType = wrapper.cfbundle; path = KaloriesUITests.xctest; sourceTree = BUILT_PRODUCTS_DIR; };
		3024116CAFFEAD712B3F6867 /* zh-Hans */ = {isa = PBXFileReference; lastKnownFileType = text.plist.strings; name = "zh-Hans"; path = "zh-Hans.lproj/InfoPlist.strings"; sourceTree = "<group>"; };
		38FF1C75CADEAC16B644F78A /* AnalysisAPIClient.swift */ = {isa = PBXFileReference; lastKnownFileType = sourcecode.swift; path = AnalysisAPIClient.swift; sourceTree = "<group>"; };
		420AB1475C741D034F377ED5 /* ImageProcessor.swift */ = {isa = PBXFileReference; lastKnownFileType = sourcecode.swift; path = ImageProcessor.swift; sourceTree = "<group>"; };
		4813BDD27D56243200621FB8 /* StrictAnalysisDecoder.swift */ = {isa = PBXFileReference; lastKnownFileType = sourcecode.swift; path = StrictAnalysisDecoder.swift; sourceTree = "<group>"; };
		5110ACE21AA819C12B35A6F4 /* KaloriesApp.swift */ = {isa = PBXFileReference; lastKnownFileType = sourcecode.swift; path = KaloriesApp.swift; sourceTree = "<group>"; };
		58B1260FD6B6B05A98B9E249 /* Debug.xcconfig */ = {isa = PBXFileReference; lastKnownFileType = text.xcconfig; path = Debug.xcconfig; sourceTree = "<group>"; };
		5D3341A57486FA371C62F536 /* AppIdentityTests.swift */ = {isa = PBXFileReference; lastKnownFileType = sourcecode.swift; path = AppIdentityTests.swift; sourceTree = "<group>"; };
		79D3207AE5833386F9BCF2AA /* ja */ = {isa = PBXFileReference; lastKnownFileType = text.plist.strings; name = ja; path = ja.lproj/Localizable.strings; sourceTree = "<group>"; };
		7B1E8AD110BD363DE5D417F7 /* en */ = {isa = PBXFileReference; lastKnownFileType = text.plist.strings; name = en; path = en.lproj/Localizable.strings; sourceTree = "<group>"; };
		7FFEC1E5509BE22EC8CC460A /* zh-Hans */ = {isa = PBXFileReference; lastKnownFileType = text.plist.strings; name = "zh-Hans"; path = "zh-Hans.lproj/Localizable.strings"; sourceTree = "<group>"; };
		A4112E4199DDA145C4259F58 /* ImageProcessorTests.swift */ = {isa = PBXFileReference; lastKnownFileType = sourcecode.swift; path = ImageProcessorTests.swift; sourceTree = "<group>"; };
		A584BA7AA6F27C245B49543E /* Kalories.app */ = {isa = PBXFileReference; includeInIndex = 0; lastKnownFileType = wrapper.application; path = Kalories.app; sourceTree = BUILT_PRODUCTS_DIR; };
		A5A615D3424247D075A7BB10 /* KaloriesTests.xctest */ = {isa = PBXFileReference; includeInIndex = 0; lastKnownFileType = wrapper.cfbundle; path = KaloriesTests.xctest; sourceTree = BUILT_PRODUCTS_DIR; };
		BDDEE8E88D0E06092B70B142 /* AnalysisContractTests.swift */ = {isa = PBXFileReference; lastKnownFileType = sourcecode.swift; path = AnalysisContractTests.swift; sourceTree = "<group>"; };
		C17FC3967F994490B1391C0B /* Release.xcconfig */ = {isa = PBXFileReference; lastKnownFileType = text.xcconfig; path = Release.xcconfig; sourceTree = "<group>"; };
		C81B6393D94662D1B52074CD /* URLProtocolStub.swift */ = {isa = PBXFileReference; lastKnownFileType = sourcecode.swift; path = URLProtocolStub.swift; sourceTree = "<group>"; };
		DE7273659FB7E40C56A30407 /* canonical_analysis_result.json */ = {isa = PBXFileReference; lastKnownFileType = text.json; path = canonical_analysis_result.json; sourceTree = "<group>"; };
		E1DA2C9128519E972D79C1B1 /* Info.plist */ = {isa = PBXFileReference; lastKnownFileType = text.plist; path = Info.plist; sourceTree = "<group>"; };
		E48A833BB9E14A2D112C2A6C /* en */ = {isa = PBXFileReference; lastKnownFileType = text.plist.strings; name = en; path = en.lproj/InfoPlist.strings; sourceTree = "<group>"; };
/* End PBXFileReference section */

/* Begin PBXGroup section */
		0182BE639413FA03731769FA /* fixtures */ = {
			isa = PBXGroup;
			children = (
				DE7273659FB7E40C56A30407 /* canonical_analysis_result.json */,
			);
			name = fixtures;
			path = ../tests/fixtures;
			sourceTree = "<group>";
		};
		03412DE41B119770A230C0A8 = {
			isa = PBXGroup;
			children = (
				6B339A65D63E2FCA2BE83E16 /* Configuration */,
				0182BE639413FA03731769FA /* fixtures */,
				0A2F9010F0064C320F092E50 /* Kalories */,
				09490A198D84091B041597EA /* KaloriesTests */,
				F095872E953D3A0DA0DF19F2 /* KaloriesUITests */,
				A20D27672DC68DBDA869228B /* Products */,
			);
			sourceTree = "<group>";
		};
		09490A198D84091B041597EA /* KaloriesTests */ = {
			isa = PBXGroup;
			children = (
				17FBEB98A1B3EF091704D340 /* AnalysisAPIClientTests.swift */,
				BDDEE8E88D0E06092B70B142 /* AnalysisContractTests.swift */,
				5D3341A57486FA371C62F536 /* AppIdentityTests.swift */,
				24C5C816C46CBFC8A3DB060F /* AppLocalizerTests.swift */,
				A4112E4199DDA145C4259F58 /* ImageProcessorTests.swift */,
				C81B6393D94662D1B52074CD /* URLProtocolStub.swift */,
			);
			path = KaloriesTests;
			sourceTree = "<group>";
		};
		0A2F9010F0064C320F092E50 /* Kalories */ = {
			isa = PBXGroup;
			children = (
				751AA50237FC4C2C0B14C8CC /* App */,
				779B5E72F3CE938D4EB0CBA4 /* Models */,
				AF5EA88CA4DE4AD535AB0977 /* Resources */,
				292A7A3BF1603F941DDD5AD0 /* Services */,
			);
			path = Kalories;
			sourceTree = "<group>";
		};
		292A7A3BF1603F941DDD5AD0 /* Services */ = {
			isa = PBXGroup;
			children = (
				38FF1C75CADEAC16B644F78A /* AnalysisAPIClient.swift */,
				140662A23ADEC0296955D896 /* AppConfiguration.swift */,
				17C911829E999FA726AE34CA /* AppLocalizer.swift */,
				420AB1475C741D034F377ED5 /* ImageProcessor.swift */,
			);
			path = Services;
			sourceTree = "<group>";
		};
		6B339A65D63E2FCA2BE83E16 /* Configuration */ = {
			isa = PBXGroup;
			children = (
				58B1260FD6B6B05A98B9E249 /* Debug.xcconfig */,
				C17FC3967F994490B1391C0B /* Release.xcconfig */,
			);
			path = Configuration;
			sourceTree = "<group>";
		};
		751AA50237FC4C2C0B14C8CC /* App */ = {
			isa = PBXGroup;
			children = (
				5110ACE21AA819C12B35A6F4 /* KaloriesApp.swift */,
			);
			path = App;
			sourceTree = "<group>";
		};
		779B5E72F3CE938D4EB0CBA4 /* Models */ = {
			isa = PBXGroup;
			children = (
				278EDD2A0190F0C2534E18D7 /* AnalysisModels.swift */,
				4813BDD27D56243200621FB8 /* StrictAnalysisDecoder.swift */,
			);
			path = Models;
			sourceTree = "<group>";
		};
		A20D27672DC68DBDA869228B /* Products */ = {
			isa = PBXGroup;
			children = (
				A584BA7AA6F27C245B49543E /* Kalories.app */,
				A5A615D3424247D075A7BB10 /* KaloriesTests.xctest */,
				2844322ECCCE2856D1FF6FAC /* KaloriesUITests.xctest */,
			);
			name = Products;
			sourceTree = "<group>";
		};
		AF5EA88CA4DE4AD535AB0977 /* Resources */ = {
			isa = PBXGroup;
			children = (
				E1DA2C9128519E972D79C1B1 /* Info.plist */,
				71A42B96B01DB23F6A556CCF /* InfoPlist.strings */,
				746CD7498DA4454D0EFF6187 /* Localizable.strings */,
			);
			path = Resources;
			sourceTree = "<group>";
		};
		F095872E953D3A0DA0DF19F2 /* KaloriesUITests */ = {
			isa = PBXGroup;
			children = (
				1E73ABC9C469984EDB6513C2 /* AppLaunchTests.swift */,
			);
			path = KaloriesUITests;
			sourceTree = "<group>";
		};
/* End PBXGroup section */

/* Begin PBXNativeTarget section */
		4C532C0848A3293E141FF54A /* KaloriesUITests */ = {
			isa = PBXNativeTarget;
			buildConfigurationList = 918740F01DA185687C035DBC /* Build configuration list for PBXNativeTarget "KaloriesUITests" */;
			buildPhases = (
				AF168F5B4C8FA23F84EDF278 /* Sources */,
			);
			buildRules = (
			);
			dependencies = (
				908C220505FF773E2BBEAFCF /* PBXTargetDependency */,
			);
			name = KaloriesUITests;
			packageProductDependencies = (
			);
			productName = KaloriesUITests;
			productReference = 2844322ECCCE2856D1FF6FAC /* KaloriesUITests.xctest */;
			productType = "com.apple.product-type.bundle.ui-testing";
		};
		D81FF50C6D9C82D9B127B2ED /* Kalories */ = {
			isa = PBXNativeTarget;
			buildConfigurationList = 4DC927821EA81809E39B5AD5 /* Build configuration list for PBXNativeTarget "Kalories" */;
			buildPhases = (
				889E727387C336BED200B73D /* Sources */,
				AE6843DBDB11B649F9F84732 /* Resources */,
			);
			buildRules = (
			);
			dependencies = (
			);
			name = Kalories;
			packageProductDependencies = (
			);
			productName = Kalories;
			productReference = A584BA7AA6F27C245B49543E /* Kalories.app */;
			productType = "com.apple.product-type.application";
		};
		E2F08129DF0482AEAFECF060 /* KaloriesTests */ = {
			isa = PBXNativeTarget;
			buildConfigurationList = 3E8B911B51B81F90DB81E106 /* Build configuration list for PBXNativeTarget "KaloriesTests" */;
			buildPhases = (
				5F542C9CA0709A81921758DF /* Sources */,
				BEBB9D649C97A4B334898E65 /* Resources */,
			);
			buildRules = (
			);
			dependencies = (
				D98BC2AC3C6D40024B6B8AED /* PBXTargetDependency */,
			);
			name = KaloriesTests;
			packageProductDependencies = (
			);
			productName = KaloriesTests;
			productReference = A5A615D3424247D075A7BB10 /* KaloriesTests.xctest */;
			productType = "com.apple.product-type.bundle.unit-test";
		};
/* End PBXNativeTarget section */

/* Begin PBXProject section */
		EB8EE1B0A54B703083ABCBCE /* Project object */ = {
			isa = PBXProject;
			attributes = {
				BuildIndependentTargetsInParallel = YES;
				LastUpgradeCheck = 1430;
				TargetAttributes = {
					4C532C0848A3293E141FF54A = {
						DevelopmentTeam = YMUG864233;
						TestTargetID = D81FF50C6D9C82D9B127B2ED;
					};
					D81FF50C6D9C82D9B127B2ED = {
						DevelopmentTeam = YMUG864233;
					};
					E2F08129DF0482AEAFECF060 = {
						DevelopmentTeam = YMUG864233;
					};
				};
			};
			buildConfigurationList = 6377E585B71FBD687B0E5A92 /* Build configuration list for PBXProject "Kalories" */;
			developmentRegion = en;
			hasScannedForEncodings = 0;
			knownRegions = (
				Base,
				en,
				ja,
				"zh-Hans",
			);
			mainGroup = 03412DE41B119770A230C0A8;
			minimizedProjectReferenceProxies = 1;
			preferredProjectObjectVersion = 77;
			productRefGroup = A20D27672DC68DBDA869228B /* Products */;
			projectDirPath = "";
			projectRoot = "";
			targets = (
				D81FF50C6D9C82D9B127B2ED /* Kalories */,
				E2F08129DF0482AEAFECF060 /* KaloriesTests */,
				4C532C0848A3293E141FF54A /* KaloriesUITests */,
			);
		};
/* End PBXProject section */

/* Begin PBXResourcesBuildPhase section */
		AE6843DBDB11B649F9F84732 /* Resources */ = {
			isa = PBXResourcesBuildPhase;
			buildActionMask = 2147483647;
			files = (
				7D9353369CE08D47FE94F44A /* InfoPlist.strings in Resources */,
				65C77351DCD383214DC271AE /* Localizable.strings in Resources */,
			);
			runOnlyForDeploymentPostprocessing = 0;
		};
		BEBB9D649C97A4B334898E65 /* Resources */ = {
			isa = PBXResourcesBuildPhase;
			buildActionMask = 2147483647;
			files = (
				021B109926DDA7BEF443D286 /* canonical_analysis_result.json in Resources */,
			);
			runOnlyForDeploymentPostprocessing = 0;
		};
/* End PBXResourcesBuildPhase section */

/* Begin PBXSourcesBuildPhase section */
		5F542C9CA0709A81921758DF /* Sources */ = {
			isa = PBXSourcesBuildPhase;
			buildActionMask = 2147483647;
			files = (
				A8158CE9CFD0C56B90C494B9 /* AnalysisAPIClientTests.swift in Sources */,
				E34A09CE6846A1F0BF07B67F /* AnalysisContractTests.swift in Sources */,
				91DC01CD82DC3BDE6BDE4ADF /* AppIdentityTests.swift in Sources */,
				B4F9B9108DC194EBD7593BCC /* AppLocalizerTests.swift in Sources */,
				281DF95923950D438919E540 /* ImageProcessorTests.swift in Sources */,
				11B29C1B860576BA49173131 /* URLProtocolStub.swift in Sources */,
			);
			runOnlyForDeploymentPostprocessing = 0;
		};
		889E727387C336BED200B73D /* Sources */ = {
			isa = PBXSourcesBuildPhase;
			buildActionMask = 2147483647;
			files = (
				3E22FB64F8D229506D57386D /* AnalysisAPIClient.swift in Sources */,
				01209E2397B3E1985BB426E6 /* AnalysisModels.swift in Sources */,
				45FACFBFA4F51C812868FA26 /* AppConfiguration.swift in Sources */,
				0EB81A96E7ACCF9656EE3B03 /* AppLocalizer.swift in Sources */,
				1C0C7408C1C3BD9BC40AA8DD /* ImageProcessor.swift in Sources */,
				771BE255EE2EF00C982134C4 /* KaloriesApp.swift in Sources */,
				EEEFC37DB4D6629E93594BB2 /* StrictAnalysisDecoder.swift in Sources */,
			);
			runOnlyForDeploymentPostprocessing = 0;
		};
		AF168F5B4C8FA23F84EDF278 /* Sources */ = {
			isa = PBXSourcesBuildPhase;
			buildActionMask = 2147483647;
			files = (
				28540AB098FDD7A95786C581 /* AppLaunchTests.swift in Sources */,
			);
			runOnlyForDeploymentPostprocessing = 0;
		};
/* End PBXSourcesBuildPhase section */

/* Begin PBXTargetDependency section */
		908C220505FF773E2BBEAFCF /* PBXTargetDependency */ = {
			isa = PBXTargetDependency;
			target = D81FF50C6D9C82D9B127B2ED /* Kalories */;
			targetProxy = 7B8E54DAA1354809BE0886C9 /* PBXContainerItemProxy */;
		};
		D98BC2AC3C6D40024B6B8AED /* PBXTargetDependency */ = {
			isa = PBXTargetDependency;
			target = D81FF50C6D9C82D9B127B2ED /* Kalories */;
			targetProxy = 554D7D91B75F73B398B13168 /* PBXContainerItemProxy */;
		};
/* End PBXTargetDependency section */

/* Begin PBXVariantGroup section */
		71A42B96B01DB23F6A556CCF /* InfoPlist.strings */ = {
			isa = PBXVariantGroup;
			children = (
				E48A833BB9E14A2D112C2A6C /* en */,
				1E8BD752F796DC0CE62321EC /* ja */,
				3024116CAFFEAD712B3F6867 /* zh-Hans */,
			);
			name = InfoPlist.strings;
			sourceTree = "<group>";
		};
		746CD7498DA4454D0EFF6187 /* Localizable.strings */ = {
			isa = PBXVariantGroup;
			children = (
				7B1E8AD110BD363DE5D417F7 /* en */,
				79D3207AE5833386F9BCF2AA /* ja */,
				7FFEC1E5509BE22EC8CC460A /* zh-Hans */,
			);
			name = Localizable.strings;
			sourceTree = "<group>";
		};
/* End PBXVariantGroup section */

/* Begin XCBuildConfiguration section */
		4395FB82534F5B161394178C /* Debug */ = {
			isa = XCBuildConfiguration;
			buildSettings = {
				ALWAYS_SEARCH_USER_PATHS = NO;
				CLANG_ANALYZER_NONNULL = YES;
				CLANG_ANALYZER_NUMBER_OBJECT_CONVERSION = YES_AGGRESSIVE;
				CLANG_CXX_LANGUAGE_STANDARD = "gnu++14";
				CLANG_CXX_LIBRARY = "libc++";
				CLANG_ENABLE_MODULES = YES;
				CLANG_ENABLE_OBJC_ARC = YES;
				CLANG_ENABLE_OBJC_WEAK = YES;
				CLANG_WARN_BLOCK_CAPTURE_AUTORELEASING = YES;
				CLANG_WARN_BOOL_CONVERSION = YES;
				CLANG_WARN_COMMA = YES;
				CLANG_WARN_CONSTANT_CONVERSION = YES;
				CLANG_WARN_DEPRECATED_OBJC_IMPLEMENTATIONS = YES;
				CLANG_WARN_DIRECT_OBJC_ISA_USAGE = YES_ERROR;
				CLANG_WARN_DOCUMENTATION_COMMENTS = YES;
				CLANG_WARN_EMPTY_BODY = YES;
				CLANG_WARN_ENUM_CONVERSION = YES;
				CLANG_WARN_INFINITE_RECURSION = YES;
				CLANG_WARN_INT_CONVERSION = YES;
				CLANG_WARN_NON_LITERAL_NULL_CONVERSION = YES;
				CLANG_WARN_OBJC_IMPLICIT_RETAIN_SELF = YES;
				CLANG_WARN_OBJC_LITERAL_CONVERSION = YES;
				CLANG_WARN_OBJC_ROOT_CLASS = YES_ERROR;
				CLANG_WARN_QUOTED_INCLUDE_IN_FRAMEWORK_HEADER = YES;
				CLANG_WARN_RANGE_LOOP_ANALYSIS = YES;
				CLANG_WARN_STRICT_PROTOTYPES = YES;
				CLANG_WARN_SUSPICIOUS_MOVE = YES;
				CLANG_WARN_UNGUARDED_AVAILABILITY = YES_AGGRESSIVE;
				CLANG_WARN_UNREACHABLE_CODE = YES;
				CLANG_WARN__DUPLICATE_METHOD_MATCH = YES;
				COPY_PHASE_STRIP = NO;
				CURRENT_PROJECT_VERSION = 1;
				DEBUG_INFORMATION_FORMAT = dwarf;
				DEVELOPMENT_TEAM = YMUG864233;
				ENABLE_STRICT_OBJC_MSGSEND = YES;
				ENABLE_TESTABILITY = YES;
				GCC_C_LANGUAGE_STANDARD = gnu11;
				GCC_DYNAMIC_NO_PIC = NO;
				GCC_NO_COMMON_BLOCKS = YES;
				GCC_OPTIMIZATION_LEVEL = 0;
				GCC_PREPROCESSOR_DEFINITIONS = (
					"$(inherited)",
					"DEBUG=1",
				);
				GCC_WARN_64_TO_32_BIT_CONVERSION = YES;
				GCC_WARN_ABOUT_RETURN_TYPE = YES_ERROR;
				GCC_WARN_UNDECLARED_SELECTOR = YES;
				GCC_WARN_UNINITIALIZED_AUTOS = YES_AGGRESSIVE;
				GCC_WARN_UNUSED_FUNCTION = YES;
				GCC_WARN_UNUSED_VARIABLE = YES;
				IPHONEOS_DEPLOYMENT_TARGET = 17.0;
				MARKETING_VERSION = 1.0.0;
				MTL_ENABLE_DEBUG_INFO = INCLUDE_SOURCE;
				MTL_FAST_MATH = YES;
				ONLY_ACTIVE_ARCH = YES;
				PRODUCT_NAME = "$(TARGET_NAME)";
				SDKROOT = iphoneos;
				SUPPORTS_MACCATALYST = NO;
				SUPPORTS_MAC_DESIGNED_FOR_IPHONE_IPAD = NO;
				SWIFT_ACTIVE_COMPILATION_CONDITIONS = DEBUG;
				SWIFT_OPTIMIZATION_LEVEL = "-Onone";
				SWIFT_STRICT_CONCURRENCY = complete;
				SWIFT_VERSION = 6.0;
				TARGETED_DEVICE_FAMILY = 1;
			};
			name = Debug;
		};
		6B78B74B76A942CDAF1D0947 /* Debug */ = {
			isa = XCBuildConfiguration;
			buildSettings = {
				BUNDLE_LOADER = "$(TEST_HOST)";
				GENERATE_INFOPLIST_FILE = YES;
				IPHONEOS_DEPLOYMENT_TARGET = 17.0;
				LD_RUNPATH_SEARCH_PATHS = (
					"$(inherited)",
					"@executable_path/Frameworks",
					"@loader_path/Frameworks",
				);
				PRODUCT_BUNDLE_IDENTIFIER = com.ryuaistudio.kalories.uitests;
				SDKROOT = iphoneos;
				TARGETED_DEVICE_FAMILY = 1;
				TEST_TARGET_NAME = Kalories;
			};
			name = Debug;
		};
		84E3967874EFDB0C1393E7A8 /* Release */ = {
			isa = XCBuildConfiguration;
			buildSettings = {
				ALWAYS_SEARCH_USER_PATHS = NO;
				CLANG_ANALYZER_NONNULL = YES;
				CLANG_ANALYZER_NUMBER_OBJECT_CONVERSION = YES_AGGRESSIVE;
				CLANG_CXX_LANGUAGE_STANDARD = "gnu++14";
				CLANG_CXX_LIBRARY = "libc++";
				CLANG_ENABLE_MODULES = YES;
				CLANG_ENABLE_OBJC_ARC = YES;
				CLANG_ENABLE_OBJC_WEAK = YES;
				CLANG_WARN_BLOCK_CAPTURE_AUTORELEASING = YES;
				CLANG_WARN_BOOL_CONVERSION = YES;
				CLANG_WARN_COMMA = YES;
				CLANG_WARN_CONSTANT_CONVERSION = YES;
				CLANG_WARN_DEPRECATED_OBJC_IMPLEMENTATIONS = YES;
				CLANG_WARN_DIRECT_OBJC_ISA_USAGE = YES_ERROR;
				CLANG_WARN_DOCUMENTATION_COMMENTS = YES;
				CLANG_WARN_EMPTY_BODY = YES;
				CLANG_WARN_ENUM_CONVERSION = YES;
				CLANG_WARN_INFINITE_RECURSION = YES;
				CLANG_WARN_INT_CONVERSION = YES;
				CLANG_WARN_NON_LITERAL_NULL_CONVERSION = YES;
				CLANG_WARN_OBJC_IMPLICIT_RETAIN_SELF = YES;
				CLANG_WARN_OBJC_LITERAL_CONVERSION = YES;
				CLANG_WARN_OBJC_ROOT_CLASS = YES_ERROR;
				CLANG_WARN_QUOTED_INCLUDE_IN_FRAMEWORK_HEADER = YES;
				CLANG_WARN_RANGE_LOOP_ANALYSIS = YES;
				CLANG_WARN_STRICT_PROTOTYPES = YES;
				CLANG_WARN_SUSPICIOUS_MOVE = YES;
				CLANG_WARN_UNGUARDED_AVAILABILITY = YES_AGGRESSIVE;
				CLANG_WARN_UNREACHABLE_CODE = YES;
				CLANG_WARN__DUPLICATE_METHOD_MATCH = YES;
				COPY_PHASE_STRIP = NO;
				CURRENT_PROJECT_VERSION = 1;
				DEBUG_INFORMATION_FORMAT = "dwarf-with-dsym";
				DEVELOPMENT_TEAM = YMUG864233;
				ENABLE_NS_ASSERTIONS = NO;
				ENABLE_STRICT_OBJC_MSGSEND = YES;
				GCC_C_LANGUAGE_STANDARD = gnu11;
				GCC_NO_COMMON_BLOCKS = YES;
				GCC_WARN_64_TO_32_BIT_CONVERSION = YES;
				GCC_WARN_ABOUT_RETURN_TYPE = YES_ERROR;
				GCC_WARN_UNDECLARED_SELECTOR = YES;
				GCC_WARN_UNINITIALIZED_AUTOS = YES_AGGRESSIVE;
				GCC_WARN_UNUSED_FUNCTION = YES;
				GCC_WARN_UNUSED_VARIABLE = YES;
				IPHONEOS_DEPLOYMENT_TARGET = 17.0;
				MARKETING_VERSION = 1.0.0;
				MTL_ENABLE_DEBUG_INFO = NO;
				MTL_FAST_MATH = YES;
				PRODUCT_NAME = "$(TARGET_NAME)";
				SDKROOT = iphoneos;
				SUPPORTS_MACCATALYST = NO;
				SUPPORTS_MAC_DESIGNED_FOR_IPHONE_IPAD = NO;
				SWIFT_COMPILATION_MODE = wholemodule;
				SWIFT_OPTIMIZATION_LEVEL = "-O";
				SWIFT_STRICT_CONCURRENCY = complete;
				SWIFT_VERSION = 6.0;
				TARGETED_DEVICE_FAMILY = 1;
			};
			name = Release;
		};
		9A19B06D7002DF74E9FAF447 /* Release */ = {
			isa = XCBuildConfiguration;
			buildSettings = {
				BUNDLE_LOADER = "$(TEST_HOST)";
				GENERATE_INFOPLIST_FILE = YES;
				IPHONEOS_DEPLOYMENT_TARGET = 17.0;
				LD_RUNPATH_SEARCH_PATHS = (
					"$(inherited)",
					"@executable_path/Frameworks",
					"@loader_path/Frameworks",
				);
				PRODUCT_BUNDLE_IDENTIFIER = com.ryuaistudio.kalories.uitests;
				SDKROOT = iphoneos;
				TARGETED_DEVICE_FAMILY = 1;
				TEST_TARGET_NAME = Kalories;
			};
			name = Release;
		};
		A8637F8721A5642EC26ACF0A /* Release */ = {
			isa = XCBuildConfiguration;
			buildSettings = {
				BUNDLE_LOADER = "$(TEST_HOST)";
				GENERATE_INFOPLIST_FILE = YES;
				IPHONEOS_DEPLOYMENT_TARGET = 17.0;
				LD_RUNPATH_SEARCH_PATHS = (
					"$(inherited)",
					"@executable_path/Frameworks",
					"@loader_path/Frameworks",
				);
				PRODUCT_BUNDLE_IDENTIFIER = com.ryuaistudio.kalories.tests;
				SDKROOT = iphoneos;
				TARGETED_DEVICE_FAMILY = 1;
				TEST_HOST = "$(BUILT_PRODUCTS_DIR)/Kalories.app/Kalories";
			};
			name = Release;
		};
		BB51A292BE7A853E6E640F02 /* Debug */ = {
			isa = XCBuildConfiguration;
			buildSettings = {
				BUNDLE_LOADER = "$(TEST_HOST)";
				GENERATE_INFOPLIST_FILE = YES;
				IPHONEOS_DEPLOYMENT_TARGET = 17.0;
				LD_RUNPATH_SEARCH_PATHS = (
					"$(inherited)",
					"@executable_path/Frameworks",
					"@loader_path/Frameworks",
				);
				PRODUCT_BUNDLE_IDENTIFIER = com.ryuaistudio.kalories.tests;
				SDKROOT = iphoneos;
				TARGETED_DEVICE_FAMILY = 1;
				TEST_HOST = "$(BUILT_PRODUCTS_DIR)/Kalories.app/Kalories";
			};
			name = Debug;
		};
		E6BCF26DCDBD9CB4FF48827E /* Release */ = {
			isa = XCBuildConfiguration;
			baseConfigurationReference = C17FC3967F994490B1391C0B /* Release.xcconfig */;
			buildSettings = {
				ASSETCATALOG_COMPILER_APPICON_NAME = AppIcon;
				ASSETCATALOG_COMPILER_GLOBAL_ACCENT_COLOR_NAME = AccentColor;
				CODE_SIGN_IDENTITY = "iPhone Developer";
				GENERATE_INFOPLIST_FILE = NO;
				INFOPLIST_FILE = Kalories/Resources/Info.plist;
				LD_RUNPATH_SEARCH_PATHS = (
					"$(inherited)",
					"@executable_path/Frameworks",
				);
				PRODUCT_BUNDLE_IDENTIFIER = com.ryuaistudio.kalories;
				PRODUCT_NAME = Kalories;
				SDKROOT = iphoneos;
				TARGETED_DEVICE_FAMILY = 1;
			};
			name = Release;
		};
		F265CA703FE055FB500CA13F /* Debug */ = {
			isa = XCBuildConfiguration;
			baseConfigurationReference = 58B1260FD6B6B05A98B9E249 /* Debug.xcconfig */;
			buildSettings = {
				ASSETCATALOG_COMPILER_APPICON_NAME = AppIcon;
				ASSETCATALOG_COMPILER_GLOBAL_ACCENT_COLOR_NAME = AccentColor;
				CODE_SIGN_IDENTITY = "iPhone Developer";
				GENERATE_INFOPLIST_FILE = NO;
				INFOPLIST_FILE = Kalories/Resources/Info.plist;
				LD_RUNPATH_SEARCH_PATHS = (
					"$(inherited)",
					"@executable_path/Frameworks",
				);
				PRODUCT_BUNDLE_IDENTIFIER = com.ryuaistudio.kalories;
				PRODUCT_NAME = Kalories;
				SDKROOT = iphoneos;
				TARGETED_DEVICE_FAMILY = 1;
			};
			name = Debug;
		};
/* End XCBuildConfiguration section */

/* Begin XCConfigurationList section */
		3E8B911B51B81F90DB81E106 /* Build configuration list for PBXNativeTarget "KaloriesTests" */ = {
			isa = XCConfigurationList;
			buildConfigurations = (
				BB51A292BE7A853E6E640F02 /* Debug */,
				A8637F8721A5642EC26ACF0A /* Release */,
			);
			defaultConfigurationIsVisible = 0;
			defaultConfigurationName = Debug;
		};
		4DC927821EA81809E39B5AD5 /* Build configuration list for PBXNativeTarget "Kalories" */ = {
			isa = XCConfigurationList;
			buildConfigurations = (
				F265CA703FE055FB500CA13F /* Debug */,
				E6BCF26DCDBD9CB4FF48827E /* Release */,
			);
			defaultConfigurationIsVisible = 0;
			defaultConfigurationName = Debug;
		};
		6377E585B71FBD687B0E5A92 /* Build configuration list for PBXProject "Kalories" */ = {
			isa = XCConfigurationList;
			buildConfigurations = (
				4395FB82534F5B161394178C /* Debug */,
				84E3967874EFDB0C1393E7A8 /* Release */,
			);
			defaultConfigurationIsVisible = 0;
			defaultConfigurationName = Debug;
		};
		918740F01DA185687C035DBC /* Build configuration list for PBXNativeTarget "KaloriesUITests" */ = {
			isa = XCConfigurationList;
			buildConfigurations = (
				6B78B74B76A942CDAF1D0947 /* Debug */,
				9A19B06D7002DF74E9FAF447 /* Release */,
			);
			defaultConfigurationIsVisible = 0;
			defaultConfigurationName = Debug;
		};
/* End XCConfigurationList section */
	};
	rootObject = EB8EE1B0A54B703083ABCBCE /* Project object */;
}
